// !$*UTF8*$!
{
	archiveVersion = 1;
	classes = {
	};
	objectVersion = 50;
	objects = {

/* Begin PBXBuildFile section */
		420B9477215DBE8400B1DFAA /* NetworkManager.m in Sources */ = {isa = PBXBuildFile; fileRef = 420B9473215DBE8300B1DFAA /* NetworkManager.m */; };
		420B9478215DBE8400B1DFAA /* WechatHandler.m in Sources */ = {isa = PBXBuildFile; fileRef = 420B9475215DBE8400B1DFAA /* WechatHandler.m */; };
		420B947B215DBED300B1DFAA /* ZZUrlTool.m in Sources */ = {isa = PBXBuildFile; fileRef = 420B947A215DBED300B1DFAA /* ZZUrlTool.m */; };
		426D9D2F213E52DF00122FE3 /* AppDelegate.m in Sources */ = {isa = PBXBuildFile; fileRef = 426D9D2E213E52DE00122FE3 /* AppDelegate.m */; };
		426D9D35213E52DF00122FE3 /* Main.storyboard in Resources */ = {isa = PBXBuildFile; fileRef = 426D9D33213E52DF00122FE3 /* Main.storyboard */; };
		426D9D37213E52E000122FE3 /* Assets.xcassets in Resources */ = {isa = PBXBuildFile; fileRef = 426D9D36213E52E000122FE3 /* Assets.xcassets */; };
		426D9D3D213E52E000122FE3 /* main.m in Sources */ = {isa = PBXBuildFile; fileRef = 426D9D3C213E52E000122FE3 /* main.m */; };
		426D9D47213E52E000122FE3 /* AutoIssueTests.m in Sources */ = {isa = PBXBuildFile; fileRef = 426D9D46213E52E000122FE3 /* AutoIssueTests.m */; };
		426D9D52213E52E000122FE3 /* AutoIssueUITests.m in Sources */ = {isa = PBXBuildFile; fileRef = 426D9D51213E52E000122FE3 /* AutoIssueUITests.m */; };
		426D9D63213E616C00122FE3 /* WKFileManager.m in Sources */ = {isa = PBXBuildFile; fileRef = 426D9D62213E616C00122FE3 /* WKFileManager.m */; };
		426D9D6E213E78DF00122FE3 /* WKNetworkDownLoadManager.m in Sources */ = {isa = PBXBuildFile; fileRef = 426D9D6D213E78DF00122FE3 /* WKNetworkDownLoadManager.m */; };
		426D9D74213F7E3400122FE3 /* WKMiniProgramManager.m in Sources */ = {isa = PBXBuildFile; fileRef = 426D9D72213F7E3300122FE3 /* WKMiniProgramManager.m */; };
		426D9D77213FAB7C00122FE3 /* WKRootViewController.m in Sources */ = {isa = PBXBuildFile; fileRef = 426D9D76213FAB7C00122FE3 /* WKRootViewController.m */; };
		426D9D7A213FABD200122FE3 /* WKNavigationViewController.m in Sources */ = {isa = PBXBuildFile; fileRef = 426D9D79213FABD200122FE3 /* WKNavigationViewController.m */; };
		426D9D7D213FAD0B00122FE3 /* WKProgressView.m in Sources */ = {isa = PBXBuildFile; fileRef = 426D9D7C213FAD0B00122FE3 /* WKProgressView.m */; };
		426D9D80213FAD5600122FE3 /* WKBottomView.m in Sources */ = {isa = PBXBuildFile; fileRef = 426D9D7F213FAD5600122FE3 /* WKBottomView.m */; };
		426D9D88213FB50800122FE3 /* NSObject+WKExtension.m in Sources */ = {isa = PBXBuildFile; fileRef = 426D9D87213FB50800122FE3 /* NSObject+WKExtension.m */; };
		426D9D8A213FCDCA00122FE3 /* index.zip in Resources */ = {isa = PBXBuildFile; fileRef = 426D9D89213FCDC900122FE3 /* index.zip */; };
		42FE393D215F4E4B00CFF252 /* Images.xcassets in Resources */ = {isa = PBXBuildFile; fileRef = 42FE393C215F4E4B00CFF252 /* Images.xcassets */; };
		EE6A6BF665C1D3BED66F060E /* libPods-AutoIssue.a in Frameworks */ = {isa = PBXBuildFile; fileRef = 90BA2DE50194BED5CB352163 /* libPods-AutoIssue.a */; };
/* End PBXBuildFile section */

/* Begin PBXContainerItemProxy section */
		426D9D43213E52E000122FE3 /* PBXContainerItemProxy */ = {
			isa = PBXContainerItemProxy;
			containerPortal = 426D9D22213E52DE00122FE3 /* Project object */;
			proxyType = 1;
			remoteGlobalIDString = 426D9D29213E52DE00122FE3;
			remoteInfo = AutoIssue;
		};
		426D9D4E213E52E000122FE3 /* PBXContainerItemProxy */ = {
			isa = PBXContainerItemProxy;
			containerPortal = 426D9D22213E52DE00122FE3 /* Project object */;
			proxyType = 1;
			remoteGlobalIDString = 426D9D29213E52DE00122FE3;
			remoteInfo = AutoIssue;
		};
/* End PBXContainerItemProxy section */

/* Begin PBXFileReference section */
		031488E52008C33AA2B042EF /* Pods-AutoIssue.debug.xcconfig */ = {isa = PBXFileReference; includeInIndex = 1; lastKnownFileType = text.xcconfig; name = "Pods-AutoIssue.debug.xcconfig"; path = "Pods/Target Support Files/Pods-AutoIssue/Pods-AutoIssue.debug.xcconfig"; sourceTree = "<group>"; };
		31D56EC0732F9B5653253F5D /* Pods-AutoIssue.release.xcconfig */ = {isa = PBXFileReference; includeInIndex = 1; lastKnownFileType = text.xcconfig; name = "Pods-AutoIssue.release.xcconfig"; path = "Pods/Target Support Files/Pods-AutoIssue/Pods-AutoIssue.release.xcconfig"; sourceTree = "<group>"; };
		420B9473215DBE8300B1DFAA /* NetworkManager.m */ = {isa = PBXFileReference; fileEncoding = 4; lastKnownFileType = sourcecode.c.objc; path = NetworkManager.m; sourceTree = "<group>"; };
		420B9474215DBE8400B1DFAA /* WechatHandler.h */ = {isa = PBXFileReference; fileEncoding = 4; lastKnownFileType = sourcecode.c.h; path = WechatHandler.h; sourceTree = "<group>"; };
		420B9475215DBE8400B1DFAA /* WechatHandler.m */ = {isa = PBXFileReference; fileEncoding = 4; lastKnownFileType = sourcecode.c.objc; path = WechatHandler.m; sourceTree = "<group>"; };
		420B9476215DBE8400B1DFAA /* NetworkManager.h */ = {isa = PBXFileReference; fileEncoding = 4; lastKnownFileType = sourcecode.c.h; path = NetworkManager.h; sourceTree = "<group>"; };
		420B9479215DBED300B1DFAA /* ZZUrlTool.h */ = {isa = PBXFileReference; fileEncoding = 4; lastKnownFileType = sourcecode.c.h; path = ZZUrlTool.h; sourceTree = "<group>"; };
		420B947A215DBED300B1DFAA /* ZZUrlTool.m */ = {isa = PBXFileReference; fileEncoding = 4; lastKnownFileType = sourcecode.c.objc; path = ZZUrlTool.m; sourceTree = "<group>"; };
		426D9D2A213E52DE00122FE3 /* AutoIssue.app */ = {isa = PBXFileReference; explicitFileType = wrapper.application; includeInIndex = 0; path = AutoIssue.app; sourceTree = BUILT_PRODUCTS_DIR; };
		426D9D2D213E52DE00122FE3 /* AppDelegate.h */ = {isa = PBXFileReference; lastKnownFileType = sourcecode.c.h; path = AppDelegate.h; sourceTree = "<group>"; };
		426D9D2E213E52DE00122FE3 /* AppDelegate.m */ = {isa = PBXFileReference; lastKnownFileType = sourcecode.c.objc; path = AppDelegate.m; sourceTree = "<group>"; };
		426D9D34213E52DF00122FE3 /* Base */ = {isa = PBXFileReference; lastKnownFileType = file.storyboard; name = Base; path = Base.lproj/Main.storyboard; sourceTree = "<group>"; };
		426D9D36213E52E000122FE3 /* Assets.xcassets */ = {isa = PBXFileReference; lastKnownFileType = folder.assetcatalog; path = Assets.xcassets; sourceTree = "<group>"; };
		426D9D3B213E52E000122FE3 /* Info.plist */ = {isa = PBXFileReference; lastKnownFileType = text.plist.xml; path = Info.plist; sourceTree = "<group>"; };
		426D9D3C213E52E000122FE3 /* main.m */ = {isa = PBXFileReference; lastKnownFileType = sourcecode.c.objc; path = main.m; sourceTree = "<group>"; };
		426D9D42213E52E000122FE3 /* AutoIssueTests.xctest */ = {isa = PBXFileReference; explicitFileType = wrapper.cfbundle; includeInIndex = 0; path = AutoIssueTests.xctest; sourceTree = BUILT_PRODUCTS_DIR; };
		426D9D46213E52E000122FE3 /* AutoIssueTests.m */ = {isa = PBXFileReference; lastKnownFileType = sourcecode.c.objc; path = AutoIssueTests.m; sourceTree = "<group>"; };
		426D9D48213E52E000122FE3 /* Info.plist */ = {isa = PBXFileReference; lastKnownFileType = text.plist.xml; path = Info.plist; sourceTree = "<group>"; };
		426D9D4D213E52E000122FE3 /* AutoIssueUITests.xctest */ = {isa = PBXFileReference; explicitFileType = wrapper.cfbundle; includeInIndex = 0; path = AutoIssueUITests.xctest; sourceTree = BUILT_PRODUCTS_DIR; };
		426D9D51213E52E000122FE3 /* AutoIssueUITests.m */ = {isa = PBXFileReference; lastKnownFileType = sourcecode.c.objc; path = AutoIssueUITests.m; sourceTree = "<group>"; };
		426D9D53213E52E000122FE3 /* Info.plist */ = {isa = PBXFileReference; lastKnownFileType = text.plist.xml; path = Info.plist; sourceTree = "<group>"; };
		426D9D61213E616C00122FE3 /* WKFileManager.h */ = {isa = PBXFileReference; lastKnownFileType = sourcecode.c.h; path = WKFileManager.h; sourceTree = "<group>"; };
		426D9D62213E616C00122FE3 /* WKFileManager.m */ = {isa = PBXFileReference; lastKnownFileType = sourcecode.c.objc; path = WKFileManager.m; sourceTree = "<group>"; };
		426D9D6C213E78DF00122FE3 /* WKNetworkDownLoadManager.h */ = {isa = PBXFileReference; lastKnownFileType = sourcecode.c.h; path = WKNetworkDownLoadManager.h; sourceTree = "<group>"; };
		426D9D6D213E78DF00122FE3 /* WKNetworkDownLoadManager.m */ = {isa = PBXFileReference; lastKnownFileType = sourcecode.c.objc; path = WKNetworkDownLoadManager.m; sourceTree = "<group>"; };
		426D9D72213F7E3300122FE3 /* WKMiniProgramManager.m */ = {isa = PBXFileReference; fileEncoding = 4; lastKnownFileType = sourcecode.c.objc; path = WKMiniProgramManager.m; sourceTree = "<group>"; };
		426D9D73213F7E3300122FE3 /* WKMiniProgramManager.h */ = {isa = PBXFileReference; fileEncoding = 4; lastKnownFileType = sourcecode.c.h; path = WKMiniProgramManager.h; sourceTree = "<group>"; };
		426D9D75213FAB7C00122FE3 /* WKRootViewController.h */ = {isa = PBXFileReference; lastKnownFileType = sourcecode.c.h; path = WKRootViewController.h; sourceTree = "<group>"; };
		426D9D76213FAB7C00122FE3 /* WKRootViewController.m */ = {isa = PBXFileReference; lastKnownFileType = sourcecode.c.objc; path = WKRootViewController.m; sourceTree = "<group>"; };
		426D9D78213FABD200122FE3 /* WKNavigationViewController.h */ = {isa = PBXFileReference; lastKnownFileType = sourcecode.c.h; path = WKNavigationViewController.h; sourceTree = "<group>"; };
		426D9D79213FABD200122FE3 /* WKNavigationViewController.m */ = {isa = PBXFileReference; lastKnownFileType = sourcecode.c.objc; path = WKNavigationViewController.m; sourceTree = "<group>"; };
		426D9D7B213FAD0B00122FE3 /* WKProgressView.h */ = {isa = PBXFileReference; lastKnownFileType = sourcecode.c.h; path = WKProgressView.h; sourceTree = "<group>"; };
		426D9D7C213FAD0B00122FE3 /* WKProgressView.m */ = {isa = PBXFileReference; lastKnownFileType = sourcecode.c.objc; path = WKProgressView.m; sourceTree = "<group>"; };
		426D9D7E213FAD5600122FE3 /* WKBottomView.h */ = {isa = PBXFileReference; lastKnownFileType = sourcecode.c.h; path = WKBottomView.h; sourceTree = "<group>"; };
		426D9D7F213FAD5600122FE3 /* WKBottomView.m */ = {isa = PBXFileReference; lastKnownFileType = sourcecode.c.objc; path = WKBottomView.m; sourceTree = "<group>"; };
		426D9D81213FAEEF00122FE3 /* WKPrefixHeader.pch */ = {isa = PBXFileReference; lastKnownFileType = sourcecode.c.h; path = WKPrefixHeader.pch; sourceTree = "<group>"; };
		426D9D86213FB50800122FE3 /* NSObject+WKExtension.h */ = {isa = PBXFileReference; lastKnownFileType = sourcecode.c.h; path = "NSObject+WKExtension.h"; sourceTree = "<group>"; };
		426D9D87213FB50800122FE3 /* NSObject+WKExtension.m */ = {isa = PBXFileReference; lastKnownFileType = sourcecode.c.objc; path = "NSObject+WKExtension.m"; sourceTree = "<group>"; };
		426D9D89213FCDC900122FE3 /* index.zip */ = {isa = PBXFileReference; lastKnownFileType = archive.zip; path = index.zip; sourceTree = "<group>"; };
		42FE393C215F4E4B00CFF252 /* Images.xcassets */ = {isa = PBXFileReference; lastKnownFileType = folder.assetcatalog; path = Images.xcassets; sourceTree = "<group>"; };
		90BA2DE50194BED5CB352163 /* libPods-AutoIssue.a */ = {isa = PBXFileReference; explicitFileType = archive.ar; includeInIndex = 0; path = "libPods-AutoIssue.a"; sourceTree = BUILT_PRODUCTS_DIR; };
/* End PBXFileReference section */

/* Begin PBXFrameworksBuildPhase section */
		426D9D27213E52DE00122FE3 /* Frameworks */ = {
			isa = PBXFrameworksBuildPhase;
			buildActionMask = 2147483647;
			files = (
				EE6A6BF665C1D3BED66F060E /* libPods-AutoIssue.a in Frameworks */,
			);
			runOnlyForDeploymentPostprocessing = 0;
		};
		426D9D3F213E52E000122FE3 /* Frameworks */ = {
			isa = PBXFrameworksBuildPhase;
			buildActionMask = 2147483647;
			files = (
			);
			runOnlyForDeploymentPostprocessing = 0;
		};
		426D9D4A213E52E000122FE3 /* Frameworks */ = {
			isa = PBXFrameworksBuildPhase;
			buildActionMask = 2147483647;
			files = (
			);
			runOnlyForDeploymentPostprocessing = 0;
		};
/* End PBXFrameworksBuildPhase section */

/* Begin PBXGroup section */
		426D9D21213E52DE00122FE3 = {
			isa = PBXGroup;
			children = (
				426D9D2C213E52DE00122FE3 /* AutoIssue */,
				426D9D45213E52E000122FE3 /* AutoIssueTests */,
				426D9D50213E52E000122FE3 /* AutoIssueUITests */,
				426D9D2B213E52DE00122FE3 /* Products */,
				912F62B6CF24EC1964177B56 /* Pods */,
				B191174A62E40D93F73D44AE /* Frameworks */,
			);
			sourceTree = "<group>";
		};
		426D9D2B213E52DE00122FE3 /* Products */ = {
			isa = PBXGroup;
			children = (
				426D9D2A213E52DE00122FE3 /* AutoIssue.app */,
				426D9D42213E52E000122FE3 /* AutoIssueTests.xctest */,
				426D9D4D213E52E000122FE3 /* AutoIssueUITests.xctest */,
			);
			name = Products;
			sourceTree = "<group>";
		};
		426D9D2C213E52DE00122FE3 /* AutoIssue */ = {
			isa = PBXGroup;
			children = (
				426D9D85213FB4AC00122FE3 /* Category */,
				426D9D68213E6ADC00122FE3 /* Controller */,
				426D9D67213E6AD200122FE3 /* View */,
				426D9D66213E6AC700122FE3 /* Model */,
				426D9D2D213E52DE00122FE3 /* AppDelegate.h */,
				426D9D2E213E52DE00122FE3 /* AppDelegate.m */,
				426D9D33213E52DF00122FE3 /* Main.storyboard */,
				426D9D36213E52E000122FE3 /* Assets.xcassets */,
				426D9D89213FCDC900122FE3 /* index.zip */,
				426D9D3B213E52E000122FE3 /* Info.plist */,
				426D9D3C213E52E000122FE3 /* main.m */,
				426D9D81213FAEEF00122FE3 /* WKPrefixHeader.pch */,
				42FE393C215F4E4B00CFF252 /* Images.xcassets */,
			);
			path = AutoIssue;
			sourceTree = "<group>";
		};
		426D9D45213E52E000122FE3 /* AutoIssueTests */ = {
			isa = PBXGroup;
			children = (
				426D9D46213E52E000122FE3 /* AutoIssueTests.m */,
				426D9D48213E52E000122FE3 /* Info.plist */,
			);
			path = AutoIssueTests;
			sourceTree = "<group>";
		};
		426D9D50213E52E000122FE3 /* AutoIssueUITests */ = {
			isa = PBXGroup;
			children = (
				426D9D51213E52E000122FE3 /* AutoIssueUITests.m */,
				426D9D53213E52E000122FE3 /* Info.plist */,
			);
			path = AutoIssueUITests;
			sourceTree = "<group>";
		};
		426D9D60213E60E600122FE3 /* FileManager */ = {
			isa = PBXGroup;
			children = (
				426D9D61213E616C00122FE3 /* WKFileManager.h */,
				426D9D62213E616C00122FE3 /* WKFileManager.m */,
			);
			path = FileManager;
			sourceTree = "<group>";
		};
		426D9D66213E6AC700122FE3 /* Model */ = {
			isa = PBXGroup;
			children = (
				420B9479215DBED300B1DFAA /* ZZUrlTool.h */,
				420B947A215DBED300B1DFAA /* ZZUrlTool.m */,
				420B9476215DBE8400B1DFAA /* NetworkManager.h */,
				420B9473215DBE8300B1DFAA /* NetworkManager.m */,
				420B9474215DBE8400B1DFAA /* WechatHandler.h */,
				420B9475215DBE8400B1DFAA /* WechatHandler.m */,
				426D9D60213E60E600122FE3 /* FileManager */,
				426D9D6C213E78DF00122FE3 /* WKNetworkDownLoadManager.h */,
				426D9D6D213E78DF00122FE3 /* WKNetworkDownLoadManager.m */,
				426D9D73213F7E3300122FE3 /* WKMiniProgramManager.h */,
				426D9D72213F7E3300122FE3 /* WKMiniProgramManager.m */,
			);
			path = Model;
			sourceTree = "<group>";
		};
		426D9D67213E6AD200122FE3 /* View */ = {
			isa = PBXGroup;
			children = (
				426D9D7B213FAD0B00122FE3 /* WKProgressView.h */,
				426D9D7C213FAD0B00122FE3 /* WKProgressView.m */,
				426D9D7E213FAD5600122FE3 /* WKBottomView.h */,
				426D9D7F213FAD5600122FE3 /* WKBottomView.m */,
			);
			path = View;
			sourceTree = "<group>";
		};
		426D9D68213E6ADC00122FE3 /* Controller */ = {
			isa = PBXGroup;
			children = (
				426D9D75213FAB7C00122FE3 /* WKRootViewController.h */,
				426D9D76213FAB7C00122FE3 /* WKRootViewController.m */,
				426D9D78213FABD200122FE3 /* WKNavigationViewController.h */,
				426D9D79213FABD200122FE3 /* WKNavigationViewController.m */,
			);
			path = Controller;
			sourceTree = "<group>";
		};
		426D9D85213FB4AC00122FE3 /* Category */ = {
			isa = PBXGroup;
			children = (
				426D9D86213FB50800122FE3 /* NSObject+WKExtension.h */,
				426D9D87213FB50800122FE3 /* NSObject+WKExtension.m */,
			);
			path = Category;
			sourceTree = "<group>";
		};
		912F62B6CF24EC1964177B56 /* Pods */ = {
			isa = PBXGroup;
			children = (
				031488E52008C33AA2B042EF /* Pods-AutoIssue.debug.xcconfig */,
				31D56EC0732F9B5653253F5D /* Pods-AutoIssue.release.xcconfig */,
			);
			name = Pods;
			sourceTree = "<group>";
		};
		B191174A62E40D93F73D44AE /* Frameworks */ = {
			isa = PBXGroup;
			children = (
				90BA2DE50194BED5CB352163 /* libPods-AutoIssue.a */,
			);
			name = Frameworks;
			sourceTree = "<group>";
		};
/* End PBXGroup section */

/* Begin PBXNativeTarget section */
		426D9D29213E52DE00122FE3 /* AutoIssue */ = {
			isa = PBXNativeTarget;
			buildConfigurationList = 426D9D56213E52E000122FE3 /* Build configuration list for PBXNativeTarget "AutoIssue" */;
			buildPhases = (
				6530D488F5ECC579BA908D5A /* [CP] Check Pods Manifest.lock */,
				426D9D26213E52DE00122FE3 /* Sources */,
				426D9D27213E52DE00122FE3 /* Frameworks */,
				426D9D28213E52DE00122FE3 /* Resources */,
				198BAC7AB8BA0B149CF510F8 /* [CP] Copy Pods Resources */,
			);
			buildRules = (
			);
			dependencies = (
			);
			name = AutoIssue;
			productName = AutoIssue;
			productReference = 426D9D2A213E52DE00122FE3 /* AutoIssue.app */;
			productType = "com.apple.product-type.application";
		};
		426D9D41213E52E000122FE3 /* AutoIssueTests */ = {
			isa = PBXNativeTarget;
			buildConfigurationList = 426D9D59213E52E000122FE3 /* Build configuration list for PBXNativeTarget "AutoIssueTests" */;
			buildPhases = (
				426D9D3E213E52E000122FE3 /* Sources */,
				426D9D3F213E52E000122FE3 /* Frameworks */,
				426D9D40213E52E000122FE3 /* Resources */,
			);
			buildRules = (
			);
			dependencies = (
				426D9D44213E52E000122FE3 /* PBXTargetDependency */,
			);
			name = AutoIssueTests;
			productName = AutoIssueTests;
			productReference = 426D9D42213E52E000122FE3 /* AutoIssueTests.xctest */;
			productType = "com.apple.product-type.bundle.unit-test";
		};
		426D9D4C213E52E000122FE3 /* AutoIssueUITests */ = {
			isa = PBXNativeTarget;
			buildConfigurationList = 426D9D5C213E52E000122FE3 /* Build configuration list for PBXNativeTarget "AutoIssueUITests" */;
			buildPhases = (
				426D9D49213E52E000122FE3 /* Sources */,
				426D9D4A213E52E000122FE3 /* Frameworks */,
				426D9D4B213E52E000122FE3 /* Resources */,
			);
			buildRules = (
			);
			dependencies = (
				426D9D4F213E52E000122FE3 /* PBXTargetDependency */,
			);
			name = AutoIssueUITests;
			productName = AutoIssueUITests;
			productReference = 426D9D4D213E52E000122FE3 /* AutoIssueUITests.xctest */;
			productType = "com.apple.product-type.bundle.ui-testing";
		};
/* End PBXNativeTarget section */

/* Begin PBXProject section */
		426D9D22213E52DE00122FE3 /* Project object */ = {
			isa = PBXProject;
			attributes = {
				CLASSPREFIX = WK;
				LastUpgradeCheck = 0940;
				ORGANIZATIONNAME = ENN;
				TargetAttributes = {
					426D9D29213E52DE00122FE3 = {
						CreatedOnToolsVersion = 9.4.1;
					};
					426D9D41213E52E000122FE3 = {
						CreatedOnToolsVersion = 9.4.1;
						TestTargetID = 426D9D29213E52DE00122FE3;
					};
					426D9D4C213E52E000122FE3 = {
						CreatedOnToolsVersion = 9.4.1;
						TestTargetID = 426D9D29213E52DE00122FE3;
					};
				};
			};
			buildConfigurationList = 426D9D25213E52DE00122FE3 /* Build configuration list for PBXProject "AutoIssue" */;
			compatibilityVersion = "Xcode 9.3";
			developmentRegion = en;
			hasScannedForEncodings = 0;
			knownRegions = (
				en,
				Base,
			);
			mainGroup = 426D9D21213E52DE00122FE3;
			productRefGroup = 426D9D2B213E52DE00122FE3 /* Products */;
			projectDirPath = "";
			projectRoot = "";
			targets = (
				426D9D29213E52DE00122FE3 /* AutoIssue */,
				426D9D41213E52E000122FE3 /* AutoIssueTests */,
				426D9D4C213E52E000122FE3 /* AutoIssueUITests */,
			);
		};
/* End PBXProject section */

/* Begin PBXResourcesBuildPhase section */
		426D9D28213E52DE00122FE3 /* Resources */ = {
			isa = PBXResourcesBuildPhase;
			buildActionMask = 2147483647;
			files = (
				42FE393D215F4E4B00CFF252 /* Images.xcassets in Resources */,
				426D9D37213E52E000122FE3 /* Assets.xcassets in Resources */,
				426D9D8A213FCDCA00122FE3 /* index.zip in Resources */,
				426D9D35213E52DF00122FE3 /* Main.storyboard in Resources */,
			);
			runOnlyForDeploymentPostprocessing = 0;
		};
		426D9D40213E52E000122FE3 /* Resources */ = {
			isa = PBXResourcesBuildPhase;
			buildActionMask = 2147483647;
			files = (
			);
			runOnlyForDeploymentPostprocessing = 0;
		};
		426D9D4B213E52E000122FE3 /* Resources */ = {
			isa = PBXResourcesBuildPhase;
			buildActionMask = 2147483647;
			files = (
			);
			runOnlyForDeploymentPostprocessing = 0;
		};
/* End PBXResourcesBuildPhase section */

/* Begin PBXShellScriptBuildPhase section */
		198BAC7AB8BA0B149CF510F8 /* [CP] Copy Pods Resources */ = {
			isa = PBXShellScriptBuildPhase;
			buildActionMask = 2147483647;
			files = (
			);
			inputPaths = (
				"${SRCROOT}/Pods/Target Support Files/Pods-AutoIssue/Pods-AutoIssue-resources.sh",
				"${PODS_ROOT}/AVOSCloud/AVOS/AVOSCloud/AVOSCloud_Art.inc",
				"${PODS_ROOT}/SVProgressHUD/SVProgressHUD/SVProgressHUD.bundle",
			);
			name = "[CP] Copy Pods Resources";
			outputPaths = (
				"${TARGET_BUILD_DIR}/${UNLOCALIZED_RESOURCES_FOLDER_PATH}/AVOSCloud_Art.inc",
				"${TARGET_BUILD_DIR}/${UNLOCALIZED_RESOURCES_FOLDER_PATH}/SVProgressHUD.bundle",
			);
			runOnlyForDeploymentPostprocessing = 0;
			shellPath = /bin/sh;
			shellScript = "\"${SRCROOT}/Pods/Target Support Files/Pods-AutoIssue/Pods-AutoIssue-resources.sh\"\n";
			showEnvVarsInLog = 0;
		};
		6530D488F5ECC579BA908D5A /* [CP] Check Pods Manifest.lock */ = {
			isa = PBXShellScriptBuildPhase;
			buildActionMask = 2147483647;
			files = (
			);
			inputPaths = (
				"${PODS_PODFILE_DIR_PATH}/Podfile.lock",
				"${PODS_ROOT}/Manifest.lock",
			);
			name = "[CP] Check Pods Manifest.lock";
			outputPaths = (
				"$(DERIVED_FILE_DIR)/Pods-AutoIssue-checkManifestLockResult.txt",
			);
			runOnlyForDeploymentPostprocessing = 0;
			shellPath = /bin/sh;
			shellScript = "diff \"${PODS_PODFILE_DIR_PATH}/Podfile.lock\" \"${PODS_ROOT}/Manifest.lock\" > /dev/null\nif [ $? != 0 ] ; then\n    # print error to STDERR\n    echo \"error: The sandbox is not in sync with the Podfile.lock. Run 'pod install' or update your CocoaPods installation.\" >&2\n    exit 1\nfi\n# This output is used by Xcode 'outputs' to avoid re-running this script phase.\necho \"SUCCESS\" > \"${SCRIPT_OUTPUT_FILE_0}\"\n";
			showEnvVarsInLog = 0;
		};
/* End PBXShellScriptBuildPhase section */

/* Begin PBXSourcesBuildPhase section */
		426D9D26213E52DE00122FE3 /* Sources */ = {
			isa = PBXSourcesBuildPhase;
			buildActionMask = 2147483647;
			files = (
				426D9D7A213FABD200122FE3 /* WKNavigationViewController.m in Sources */,
				426D9D74213F7E3400122FE3 /* WKMiniProgramManager.m in Sources */,
				426D9D3D213E52E000122FE3 /* main.m in Sources */,
				420B9477215DBE8400B1DFAA /* NetworkManager.m in Sources */,
				426D9D77213FAB7C00122FE3 /* WKRootViewController.m in Sources */,
				426D9D2F213E52DF00122FE3 /* AppDelegate.m in Sources */,
				426D9D80213FAD5600122FE3 /* WKBottomView.m in Sources */,
				426D9D7D213FAD0B00122FE3 /* WKProgressView.m in Sources */,
				420B9478215DBE8400B1DFAA /* WechatHandler.m in Sources */,
				426D9D88213FB50800122FE3 /* NSObject+WKExtension.m in Sources */,
				426D9D63213E616C00122FE3 /* WKFileManager.m in Sources */,
				420B947B215DBED300B1DFAA /* ZZUrlTool.m in Sources */,
				426D9D6E213E78DF00122FE3 /* WKNetworkDownLoadManager.m in Sources */,
			);
			runOnlyForDeploymentPostprocessing = 0;
		};
		426D9D3E213E52E000122FE3 /* Sources */ = {
			isa = PBXSourcesBuildPhase;
			buildActionMask = 2147483647;
			files = (
				426D9D47213E52E000122FE3 /* AutoIssueTests.m in Sources */,
			);
			runOnlyForDeploymentPostprocessing = 0;
		};
		426D9D49213E52E000122FE3 /* Sources */ = {
			isa = PBXSourcesBuildPhase;
			buildActionMask = 2147483647;
			files = (
				426D9D52213E52E000122FE3 /* AutoIssueUITests.m in Sources */,
			);
			runOnlyForDeploymentPostprocessing = 0;
		};
/* End PBXSourcesBuildPhase section */

/* Begin PBXTargetDependency section */
		426D9D44213E52E000122FE3 /* PBXTargetDependency */ = {
			isa = PBXTargetDependency;
			target = 426D9D29213E52DE00122FE3 /* AutoIssue */;
			targetProxy = 426D9D43213E52E000122FE3 /* PBXContainerItemProxy */;
		};
		426D9D4F213E52E000122FE3 /* PBXTargetDependency */ = {
			isa = PBXTargetDependency;
			target = 426D9D29213E52DE00122FE3 /* AutoIssue */;
			targetProxy = 426D9D4E213E52E000122FE3 /* PBXContainerItemProxy */;
		};
/* End PBXTargetDependency section */

/* Begin PBXVariantGroup section */
		426D9D33213E52DF00122FE3 /* Main.storyboard */ = {
			isa = PBXVariantGroup;
			children = (
				426D9D34213E52DF00122FE3 /* Base */,
			);
			name = Main.storyboard;
			sourceTree = "<group>";
		};
/* End PBXVariantGroup section */

/* Begin XCBuildConfiguration section */
		426D9D54213E52E000122FE3 /* Debug */ = {
			isa = XCBuildConfiguration;
			buildSettings = {
				ALWAYS_SEARCH_USER_PATHS = NO;
				CLANG_ANALYZER_NONNULL = YES;
				CLANG_ANALYZER_NUMBER_OBJECT_CONVERSION = YES_AGGRESSIVE;
				CLANG_CXX_LANGUAGE_STANDARD = "gnu++14";
				CLANG_CXX_LIBRARY = "libc++";
				CLANG_ENABLE_MODULES = YES;
				CLANG_ENABLE_OBJC_ARC = YES;
				CLANG_ENABLE_OBJC_WEAK = YES;
				CLANG_WARN_BLOCK_CAPTURE_AUTORELEASING = YES;
				CLANG_WARN_BOOL_CONVERSION = YES;
				CLANG_WARN_COMMA = YES;
				CLANG_WARN_CONSTANT_CONVERSION = YES;
				CLANG_WARN_DEPRECATED_OBJC_IMPLEMENTATIONS = YES;
				CLANG_WARN_DIRECT_OBJC_ISA_USAGE = YES_ERROR;
				CLANG_WARN_DOCUMENTATION_COMMENTS = YES;
				CLANG_WARN_EMPTY_BODY = YES;
				CLANG_WARN_ENUM_CONVERSION = YES;
				CLANG_WARN_INFINITE_RECURSION = YES;
				CLANG_WARN_INT_CONVERSION = YES;
				CLANG_WARN_NON_LITERAL_NULL_CONVERSION = YES;
				CLANG_WARN_OBJC_IMPLICIT_RETAIN_SELF = YES;
				CLANG_WARN_OBJC_LITERAL_CONVERSION = YES;
				CLANG_WARN_OBJC_ROOT_CLASS = YES_ERROR;
				CLANG_WARN_RANGE_LOOP_ANALYSIS = YES;
				CLANG_WARN_STRICT_PROTOTYPES = YES;
				CLANG_WARN_SUSPICIOUS_MOVE = YES;
				CLANG_WARN_UNGUARDED_AVAILABILITY = YES_AGGRESSIVE;
				CLANG_WARN_UNREACHABLE_CODE = YES;
				CLANG_WARN__DUPLICATE_METHOD_MATCH = YES;
				CODE_SIGN_IDENTITY = "iPhone Developer";
				COPY_PHASE_STRIP = NO;
				DEBUG_INFORMATION_FORMAT = dwarf;
				ENABLE_STRICT_OBJC_MSGSEND = YES;
				ENABLE_TESTABILITY = YES;
				GCC_C_LANGUAGE_STANDARD = gnu11;
				GCC_DYNAMIC_NO_PIC = NO;
				GCC_NO_COMMON_BLOCKS = YES;
				GCC_OPTIMIZATION_LEVEL = 0;
				GCC_PREPROCESSOR_DEFINITIONS = (
					"DEBUG=1",
					"$(inherited)",
				);
				GCC_WARN_64_TO_32_BIT_CONVERSION = YES;
				GCC_WARN_ABOUT_RETURN_TYPE = YES_ERROR;
				GCC_WARN_UNDECLARED_SELECTOR = YES;
				GCC_WARN_UNINITIALIZED_AUTOS = YES_AGGRESSIVE;
				GCC_WARN_UNUSED_FUNCTION = YES;
				GCC_WARN_UNUSED_VARIABLE = YES;
				IPHONEOS_DEPLOYMENT_TARGET = 11.4;
				MTL_ENABLE_DEBUG_INFO = YES;
				ONLY_ACTIVE_ARCH = YES;
				SDKROOT = iphoneos;
			};
			name = Debug;
		};
		426D9D55213E52E000122FE3 /* Release */ = {
			isa = XCBuildConfiguration;
			buildSettings = {
				ALWAYS_SEARCH_USER_PATHS = NO;
				CLANG_ANALYZER_NONNULL = YES;
				CLANG_ANALYZER_NUMBER_OBJECT_CONVERSION = YES_AGGRESSIVE;
				CLANG_CXX_LANGUAGE_STANDARD = "gnu++14";
				CLANG_CXX_LIBRARY = "libc++";
				CLANG_ENABLE_MODULES = YES;
				CLANG_ENABLE_OBJC_ARC = YES;
				CLANG_ENABLE_OBJC_WEAK = YES;
				CLANG_WARN_BLOCK_CAPTURE_AUTORELEASING = YES;
				CLANG_WARN_BOOL_CONVERSION = YES;
				CLANG_WARN_COMMA = YES;
				CLANG_WARN_CONSTANT_CONVERSION = YES;
				CLANG_WARN_DEPRECATED_OBJC_IMPLEMENTATIONS = YES;
				CLANG_WARN_DIRECT_OBJC_ISA_USAGE = YES_ERROR;
				CLANG_WARN_DOCUMENTATION_COMMENTS = YES;
				CLANG_WARN_EMPTY_BODY = YES;
				CLANG_WARN_ENUM_CONVERSION = YES;
				CLANG_WARN_INFINITE_RECURSION = YES;
				CLANG_WARN_INT_CONVERSION = YES;
				CLANG_WARN_NON_LITERAL_NULL_CONVERSION = YES;
				CLANG_WARN_OBJC_IMPLICIT_RETAIN_SELF = YES;
				CLANG_WARN_OBJC_LITERAL_CONVERSION = YES;
				CLANG_WARN_OBJC_ROOT_CLASS = YES_ERROR;
				CLANG_WARN_RANGE_LOOP_ANALYSIS = YES;
				CLANG_WARN_STRICT_PROTOTYPES = YES;
				CLANG_WARN_SUSPICIOUS_MOVE = YES;
				CLANG_WARN_UNGUARDED_AVAILABILITY = YES_AGGRESSIVE;
				CLANG_WARN_UNREACHABLE_CODE = YES;
				CLANG_WARN__DUPLICATE_METHOD_MATCH = YES;
				CODE_SIGN_IDENTITY = "iPhone Developer";
				COPY_PHASE_STRIP = NO;
				DEBUG_INFORMATION_FORMAT = "dwarf-with-dsym";
				ENABLE_NS_ASSERTIONS = NO;
				ENABLE_STRICT_OBJC_MSGSEND = YES;
				GCC_C_LANGUAGE_STANDARD = gnu11;
				GCC_NO_COMMON_BLOCKS = YES;
				GCC_WARN_64_TO_32_BIT_CONVERSION = YES;
				GCC_WARN_ABOUT_RETURN_TYPE = YES_ERROR;
				GCC_WARN_UNDECLARED_SELECTOR = YES;
				GCC_WARN_UNINITIALIZED_AUTOS = YES_AGGRESSIVE;
				GCC_WARN_UNUSED_FUNCTION = YES;
				GCC_WARN_UNUSED_VARIABLE = YES;
				IPHONEOS_DEPLOYMENT_TARGET = 11.4;
				MTL_ENABLE_DEBUG_INFO = NO;
				SDKROOT = iphoneos;
				VALIDATE_PRODUCT = YES;
			};
			name = Release;
		};
		426D9D57213E52E000122FE3 /* Debug */ = {
			isa = XCBuildConfiguration;
			baseConfigurationReference = 031488E52008C33AA2B042EF /* Pods-AutoIssue.debug.xcconfig */;
			buildSettings = {
				ASSETCATALOG_COMPILER_APPICON_NAME = AppIcon;
				ASSETCATALOG_COMPILER_LAUNCHIMAGE_NAME = LaunchImage;
				CODE_SIGN_IDENTITY = "iPhone Distribution";
				CODE_SIGN_STYLE = Manual;
				DEVELOPMENT_TEAM = HXA3E8963G;
				GCC_PRECOMPILE_PREFIX_HEADER = YES;
				GCC_PREFIX_HEADER = /Users/zhangrongwu/github/AutoIssue/AutoIssue/WKPrefixHeader.pch;
				INFOPLIST_FILE = AutoIssue/Info.plist;
				IPHONEOS_DEPLOYMENT_TARGET = 9.0;
				LD_RUNPATH_SEARCH_PATHS = (
					"$(inherited)",
					"@executable_path/Frameworks",
				);
				PRODUCT_BUNDLE_IDENTIFIER = com.enn.bulktrade;
				PRODUCT_NAME = "$(TARGET_NAME)";
				PROVISIONING_PROFILE = "6d0261df-8b99-4aba-9744-75594516e40e";
				PROVISIONING_PROFILE_SPECIFIER = BulkTradeProject_Distribution_Profiles;
				TARGETED_DEVICE_FAMILY = 1;
			};
			name = Debug;
		};
		426D9D58213E52E000122FE3 /* Release */ = {
			isa = XCBuildConfiguration;
			baseConfigurationReference = 31D56EC0732F9B5653253F5D /* Pods-AutoIssue.release.xcconfig */;
			buildSettings = {
				ASSETCATALOG_COMPILER_APPICON_NAME = AppIcon;
				ASSETCATALOG_COMPILER_LAUNCHIMAGE_NAME = LaunchImage;
				CODE_SIGN_IDENTITY = "iPhone Distribution";
				CODE_SIGN_STYLE = Manual;
				DEVELOPMENT_TEAM = HXA3E8963G;
				GCC_PRECOMPILE_PREFIX_HEADER = YES;
				GCC_PREFIX_HEADER = /Users/zhangrongwu/github/AutoIssue/AutoIssue/WKPrefixHeader.pch;
				INFOPLIST_FILE = AutoIssue/Info.plist;
				IPHONEOS_DEPLOYMENT_TARGET = 9.0;
				LD_RUNPATH_SEARCH_PATHS = (
					"$(inherited)",
					"@executable_path/Frameworks",
				);
				PRODUCT_BUNDLE_IDENTIFIER = com.enn.bulktrade;
				PRODUCT_NAME = "$(TARGET_NAME)";
				PROVISIONING_PROFILE = "6d0261df-8b99-4aba-9744-75594516e40e";
				PROVISIONING_PROFILE_SPECIFIER = BulkTradeProject_Distribution_Profiles;
				TARGETED_DEVICE_FAMILY = 1;
			};
			name = Release;
		};
		426D9D5A213E52E000122FE3 /* Debug */ = {
			isa = XCBuildConfiguration;
			buildSettings = {
				BUNDLE_LOADER = "$(TEST_HOST)";
				CODE_SIGN_STYLE = Automatic;
				DEVELOPMENT_TEAM = HXA3E8963G;
				INFOPLIST_FILE = AutoIssueTests/Info.plist;
				LD_RUNPATH_SEARCH_PATHS = (
					"$(inherited)",
					"@executable_path/Frameworks",
					"@loader_path/Frameworks",
				);
				PRODUCT_BUNDLE_IDENTIFIER = ENN.AutoIssueTests;
				PRODUCT_NAME = "$(TARGET_NAME)";
				TARGETED_DEVICE_FAMILY = "1,2";
				TEST_HOST = "$(BUILT_PRODUCTS_DIR)/AutoIssue.app/AutoIssue";
			};
			name = Debug;
		};
		426D9D5B213E52E000122FE3 /* Release */ = {
			isa = XCBuildConfiguration;
			buildSettings = {
				BUNDLE_LOADER = "$(TEST_HOST)";
				CODE_SIGN_STYLE = Automatic;
				DEVELOPMENT_TEAM = HXA3E8963G;
				INFOPLIST_FILE = AutoIssueTests/Info.plist;
				LD_RUNPATH_SEARCH_PATHS = (
					"$(inherited)",
					"@executable_path/Frameworks",
					"@loader_path/Frameworks",
				);
				PRODUCT_BUNDLE_IDENTIFIER = ENN.AutoIssueTests;
				PRODUCT_NAME = "$(TARGET_NAME)";
				TARGETED_DEVICE_FAMILY = "1,2";
				TEST_HOST = "$(BUILT_PRODUCTS_DIR)/AutoIssue.app/AutoIssue";
			};
			name = Release;
		};
		426D9D5D213E52E000122FE3 /* Debug */ = {
			isa = XCBuildConfiguration;
			buildSettings = {
				CODE_SIGN_STYLE = Automatic;
				DEVELOPMENT_TEAM = HXA3E8963G;
				INFOPLIST_FILE = AutoIssueUITests/Info.plist;
				LD_RUNPATH_SEARCH_PATHS = (
					"$(inherited)",
					"@executable_path/Frameworks",
					"@loader_path/Frameworks",
				);
				PRODUCT_BUNDLE_IDENTIFIER = ENN.AutoIssueUITests;
				PRODUCT_NAME = "$(TARGET_NAME)";
				TARGETED_DEVICE_FAMILY = "1,2";
				TEST_TARGET_NAME = AutoIssue;
			};
			name = Debug;
		};
		426D9D5E213E52E000122FE3 /* Release */ = {
			isa = XCBuildConfiguration;
			buildSettings = {
				CODE_SIGN_STYLE = Automatic;
				DEVELOPMENT_TEAM = HXA3E8963G;
				INFOPLIST_FILE = AutoIssueUITests/Info.plist;
				LD_RUNPATH_SEARCH_PATHS = (
					"$(inherited)",
					"@executable_path/Frameworks",
					"@loader_path/Frameworks",
				);
				PRODUCT_BUNDLE_IDENTIFIER = ENN.AutoIssueUITests;
				PRODUCT_NAME = "$(TARGET_NAME)";
				TARGETED_DEVICE_FAMILY = "1,2";
				TEST_TARGET_NAME = AutoIssue;
			};
			name = Release;
		};
/* End XCBuildConfiguration section */

/* Begin XCConfigurationList section */
		426D9D25213E52DE00122FE3 /* Build configuration list for PBXProject "AutoIssue" */ = {
			isa = XCConfigurationList;
			buildConfigurations = (
				426D9D54213E52E000122FE3 /* Debug */,
				426D9D55213E52E000122FE3 /* Release */,
			);
			defaultConfigurationIsVisible = 0;
			defaultConfigurationName = Release;
		};
		426D9D56213E52E000122FE3 /* Build configuration list for PBXNativeTarget "AutoIssue" */ = {
			isa = XCConfigurationList;
			buildConfigurations = (
				426D9D57213E52E000122FE3 /* Debug */,
				426D9D58213E52E000122FE3 /* Release */,
			);
			defaultConfigurationIsVisible = 0;
			defaultConfigurationName = Release;
		};
		426D9D59213E52E000122FE3 /* Build configuration list for PBXNativeTarget "AutoIssueTests" */ = {
			isa = XCConfigurationList;
			buildConfigurations = (
				426D9D5A213E52E000122FE3 /* Debug */,
				426D9D5B213E52E000122FE3 /* Release */,
			);
			defaultConfigurationIsVisible = 0;
			defaultConfigurationName = Release;
		};
		426D9D5C213E52E000122FE3 /* Build configuration list for PBXNativeTarget "AutoIssueUITests" */ = {
			isa = XCConfigurationList;
			buildConfigurations = (
				426D9D5D213E52E000122FE3 /* Debug */,
				426D9D5E213E52E000122FE3 /* Release */,
			);
			defaultConfigurationIsVisible = 0;
			defaultConfigurationName = Release;
		};
/* End XCConfigurationList section */
	};
	rootObject = 426D9D22213E52DE00122FE3 /* Project object */;
}
